// !$*UTF8*$!
{
	archiveVersion = 1;
	classes = {
	};
	objectVersion = 56;
	objects = {

/* Begin PBXBuildFile section */
		0516687D2C41003A007875D7 /* UICollectionViewDiffableDataSource+ViewModel.swift in Sources */ = {isa = PBXBuildFile; fileRef = 0516687C2C41003A007875D7 /* UICollectionViewDiffableDataSource+ViewModel.swift */; };
		053D93562C60C44C001E3514 /* SocketIO in Frameworks */ = {isa = PBXBuildFile; productRef = 053D93552C60C44C001E3514 /* SocketIO */; };
		058157562C60E1F900B44D01 /* ChatCollectionViewController.swift in Sources */ = {isa = PBXBuildFile; fileRef = 058157552C60E1F900B44D01 /* ChatCollectionViewController.swift */; };
		058157582C60E2AB00B44D01 /* RoomCreateViewController.swift in Sources */ = {isa = PBXBuildFile; fileRef = 058157572C60E2AB00B44D01 /* RoomCreateViewController.swift */; };
		0581575A2C60E2CA00B44D01 /* SocketIOManager.swift in Sources */ = {isa = PBXBuildFile; fileRef = 058157592C60E2CA00B44D01 /* SocketIOManager.swift */; };
		0581575C2C60F49C00B44D01 /* FirstProfileViewController.swift in Sources */ = {isa = PBXBuildFile; fileRef = 0581575B2C60F49C00B44D01 /* FirstProfileViewController.swift */; };
		0581575E2C6238B400B44D01 /* SecondProfileViewController.swift in Sources */ = {isa = PBXBuildFile; fileRef = 0581575D2C6238B400B44D01 /* SecondProfileViewController.swift */; };
		05B2FD3F2C5BB30D000D0625 /* LoginViewController.swift in Sources */ = {isa = PBXBuildFile; fileRef = 05B2FD3E2C5BB30D000D0625 /* LoginViewController.swift */; };
		05B2FD422C5BC24C000D0625 /* KakaoSDKAuth in Frameworks */ = {isa = PBXBuildFile; productRef = 05B2FD412C5BC24C000D0625 /* KakaoSDKAuth */; };
		05B2FD442C5BC24C000D0625 /* KakaoSDKCommon in Frameworks */ = {isa = PBXBuildFile; productRef = 05B2FD432C5BC24C000D0625 /* KakaoSDKCommon */; };
		05B2FD462C5BC24C000D0625 /* KakaoSDKUser in Frameworks */ = {isa = PBXBuildFile; productRef = 05B2FD452C5BC24C000D0625 /* KakaoSDKUser */; };
		05CAD68E2C3FE11900E60127 /* AppDelegate.swift in Sources */ = {isa = PBXBuildFile; fileRef = 05CAD68D2C3FE11900E60127 /* AppDelegate.swift */; };
		05CAD6902C3FE11900E60127 /* SceneDelegate.swift in Sources */ = {isa = PBXBuildFile; fileRef = 05CAD68F2C3FE11900E60127 /* SceneDelegate.swift */; };
		05CAD6952C3FE11900E60127 /* Base in Resources */ = {isa = PBXBuildFile; fileRef = 05CAD6942C3FE11900E60127 /* Base */; };
		05CAD6972C3FE11A00E60127 /* Assets.xcassets in Resources */ = {isa = PBXBuildFile; fileRef = 05CAD6962C3FE11A00E60127 /* Assets.xcassets */; };
		05CAD69A2C3FE11A00E60127 /* Base in Resources */ = {isa = PBXBuildFile; fileRef = 05CAD6992C3FE11A00E60127 /* Base */; };
		05CAD6A52C3FE1F900E60127 /* HomeCollectionViewController.swift in Sources */ = {isa = PBXBuildFile; fileRef = 05CAD6A42C3FE1F900E60127 /* HomeCollectionViewController.swift */; };
		05CAD6A82C3FE22C00E60127 /* WeatherAPIRequest.swift in Sources */ = {isa = PBXBuildFile; fileRef = 05CAD6A72C3FE22C00E60127 /* WeatherAPIRequest.swift */; };
		05CAD6AB2C3FE24F00E60127 /* APIKEY.swift in Sources */ = {isa = PBXBuildFile; fileRef = 05CAD6AA2C3FE24F00E60127 /* APIKEY.swift */; };
		05CAD6AE2C3FE40300E60127 /* WeatherAPIService.swift in Sources */ = {isa = PBXBuildFile; fileRef = 05CAD6AD2C3FE40300E60127 /* WeatherAPIService.swift */; };
		05CAD6B12C3FE44300E60127 /* CurrentWeatherData.swift in Sources */ = {isa = PBXBuildFile; fileRef = 05CAD6B02C3FE44300E60127 /* CurrentWeatherData.swift */; };
		05CAD6B32C3FE44C00E60127 /* CurrentMain.swift in Sources */ = {isa = PBXBuildFile; fileRef = 05CAD6B22C3FE44C00E60127 /* CurrentMain.swift */; };
		05CAD6B52C3FE45500E60127 /* CurrentWeather.swift in Sources */ = {isa = PBXBuildFile; fileRef = 05CAD6B42C3FE45500E60127 /* CurrentWeather.swift */; };
		05CAD6B92C401BC300E60127 /* CurrentWeatherCollectionViewCell.swift in Sources */ = {isa = PBXBuildFile; fileRef = 05CAD6B82C401BC300E60127 /* CurrentWeatherCollectionViewCell.swift */; };
		05CAF59A2C493638007EEA5C /* DailyForecastCollectionViewCell.swift in Sources */ = {isa = PBXBuildFile; fileRef = 05CAF5992C493638007EEA5C /* DailyForecastCollectionViewCell.swift */; };
		05CD38732C47B74C00F8CC9D /* WeatherForecastData.swift in Sources */ = {isa = PBXBuildFile; fileRef = 05CD38722C47B74C00F8CC9D /* WeatherForecastData.swift */; };
		05CD38752C47B76E00F8CC9D /* HourlyForecast.swift in Sources */ = {isa = PBXBuildFile; fileRef = 05CD38742C47B76E00F8CC9D /* HourlyForecast.swift */; };
		05CD38772C47B79C00F8CC9D /* DailyForecast.swift in Sources */ = {isa = PBXBuildFile; fileRef = 05CD38762C47B79C00F8CC9D /* DailyForecast.swift */; };
		05CD38792C47B7CE00F8CC9D /* WeatherForecast.swift in Sources */ = {isa = PBXBuildFile; fileRef = 05CD38782C47B7CE00F8CC9D /* WeatherForecast.swift */; };
		05CD387B2C47B7E000F8CC9D /* Temperature.swift in Sources */ = {isa = PBXBuildFile; fileRef = 05CD387A2C47B7E000F8CC9D /* Temperature.swift */; };
		05CD387D2C47EDA500F8CC9D /* HourlyForecastCollectionViewCell.swift in Sources */ = {isa = PBXBuildFile; fileRef = 05CD387C2C47EDA500F8CC9D /* HourlyForecastCollectionViewCell.swift */; };
/* End PBXBuildFile section */

/* Begin PBXFileReference section */
		0516687C2C41003A007875D7 /* UICollectionViewDiffableDataSource+ViewModel.swift */ = {isa = PBXFileReference; lastKnownFileType = sourcecode.swift; path = "UICollectionViewDiffableDataSource+ViewModel.swift"; sourceTree = "<group>"; };
		053D935C2C60C88B001E3514 /* index.js */ = {isa = PBXFileReference; lastKnownFileType = sourcecode.javascript; path = index.js; sourceTree = "<group>"; };
		058157552C60E1F900B44D01 /* ChatCollectionViewController.swift */ = {isa = PBXFileReference; lastKnownFileType = sourcecode.swift; path = ChatCollectionViewController.swift; sourceTree = "<group>"; };
		058157572C60E2AB00B44D01 /* RoomCreateViewController.swift */ = {isa = PBXFileReference; lastKnownFileType = sourcecode.swift; path = RoomCreateViewController.swift; sourceTree = "<group>"; };
		058157592C60E2CA00B44D01 /* SocketIOManager.swift */ = {isa = PBXFileReference; lastKnownFileType = sourcecode.swift; path = SocketIOManager.swift; sourceTree = "<group>"; };
		0581575B2C60F49C00B44D01 /* FirstProfileViewController.swift */ = {isa = PBXFileReference; lastKnownFileType = sourcecode.swift; path = FirstProfileViewController.swift; sourceTree = "<group>"; };
		0581575D2C6238B400B44D01 /* SecondProfileViewController.swift */ = {isa = PBXFileReference; lastKnownFileType = sourcecode.swift; path = SecondProfileViewController.swift; sourceTree = "<group>"; };
		05B2FD3E2C5BB30D000D0625 /* LoginViewController.swift */ = {isa = PBXFileReference; lastKnownFileType = sourcecode.swift; path = LoginViewController.swift; sourceTree = "<group>"; };
		05CAD68A2C3FE11900E60127 /* OutPick.app */ = {isa = PBXFileReference; explicitFileType = wrapper.application; includeInIndex = 0; path = OutPick.app; sourceTree = BUILT_PRODUCTS_DIR; };
		05CAD68D2C3FE11900E60127 /* AppDelegate.swift */ = {isa = PBXFileReference; lastKnownFileType = sourcecode.swift; path = AppDelegate.swift; sourceTree = "<group>"; };
		05CAD68F2C3FE11900E60127 /* SceneDelegate.swift */ = {isa = PBXFileReference; lastKnownFileType = sourcecode.swift; path = SceneDelegate.swift; sourceTree = "<group>"; };
		05CAD6942C3FE11900E60127 /* Base */ = {isa = PBXFileReference; lastKnownFileType = file.storyboard; name = Base; path = Base.lproj/Main.storyboard; sourceTree = "<group>"; };
		05CAD6962C3FE11A00E60127 /* Assets.xcassets */ = {isa = PBXFileReference; lastKnownFileType = folder.assetcatalog; path = Assets.xcassets; sourceTree = "<group>"; };
		05CAD6992C3FE11A00E60127 /* Base */ = {isa = PBXFileReference; lastKnownFileType = file.storyboard; name = Base; path = Base.lproj/LaunchScreen.storyboard; sourceTree = "<group>"; };
		05CAD69B2C3FE11A00E60127 /* Info.plist */ = {isa = PBXFileReference; lastKnownFileType = text.plist.xml; path = Info.plist; sourceTree = "<group>"; };
		05CAD6A42C3FE1F900E60127 /* HomeCollectionViewController.swift */ = {isa = PBXFileReference; lastKnownFileType = sourcecode.swift; path = HomeCollectionViewController.swift; sourceTree = "<group>"; };
		05CAD6A72C3FE22C00E60127 /* WeatherAPIRequest.swift */ = {isa = PBXFileReference; lastKnownFileType = sourcecode.swift; path = WeatherAPIRequest.swift; sourceTree = "<group>"; };
		05CAD6AA2C3FE24F00E60127 /* APIKEY.swift */ = {isa = PBXFileReference; lastKnownFileType = sourcecode.swift; path = APIKEY.swift; sourceTree = "<group>"; };
		05CAD6AC2C3FE2B900E60127 /* Secret.xcconfig */ = {isa = PBXFileReference; lastKnownFileType = text.xcconfig; path = Secret.xcconfig; sourceTree = "<group>"; };
		05CAD6AD2C3FE40300E60127 /* WeatherAPIService.swift */ = {isa = PBXFileReference; lastKnownFileType = sourcecode.swift; path = WeatherAPIService.swift; sourceTree = "<group>"; };
		05CAD6B02C3FE44300E60127 /* CurrentWeatherData.swift */ = {isa = PBXFileReference; lastKnownFileType = sourcecode.swift; path = CurrentWeatherData.swift; sourceTree = "<group>"; };
		05CAD6B22C3FE44C00E60127 /* CurrentMain.swift */ = {isa = PBXFileReference; lastKnownFileType = sourcecode.swift; path = CurrentMain.swift; sourceTree = "<group>"; };
		05CAD6B42C3FE45500E60127 /* CurrentWeather.swift */ = {isa = PBXFileReference; lastKnownFileType = sourcecode.swift; path = CurrentWeather.swift; sourceTree = "<group>"; };
		05CAD6B82C401BC300E60127 /* CurrentWeatherCollectionViewCell.swift */ = {isa = PBXFileReference; lastKnownFileType = sourcecode.swift; path = CurrentWeatherCollectionViewCell.swift; sourceTree = "<group>"; };
		05CAF5992C493638007EEA5C /* DailyForecastCollectionViewCell.swift */ = {isa = PBXFileReference; lastKnownFileType = sourcecode.swift; path = DailyForecastCollectionViewCell.swift; sourceTree = "<group>"; };
		05CD38722C47B74C00F8CC9D /* WeatherForecastData.swift */ = {isa = PBXFileReference; lastKnownFileType = sourcecode.swift; path = WeatherForecastData.swift; sourceTree = "<group>"; };
		05CD38742C47B76E00F8CC9D /* HourlyForecast.swift */ = {isa = PBXFileReference; lastKnownFileType = sourcecode.swift; path = HourlyForecast.swift; sourceTree = "<group>"; };
		05CD38762C47B79C00F8CC9D /* DailyForecast.swift */ = {isa = PBXFileReference; lastKnownFileType = sourcecode.swift; path = DailyForecast.swift; sourceTree = "<group>"; };
		05CD38782C47B7CE00F8CC9D /* WeatherForecast.swift */ = {isa = PBXFileReference; lastKnownFileType = sourcecode.swift; path = WeatherForecast.swift; sourceTree = "<group>"; };
		05CD387A2C47B7E000F8CC9D /* Temperature.swift */ = {isa = PBXFileReference; lastKnownFileType = sourcecode.swift; path = Temperature.swift; sourceTree = "<group>"; };
		05CD387C2C47EDA500F8CC9D /* HourlyForecastCollectionViewCell.swift */ = {isa = PBXFileReference; lastKnownFileType = sourcecode.swift; path = HourlyForecastCollectionViewCell.swift; sourceTree = "<group>"; };
/* End PBXFileReference section */

/* Begin PBXFrameworksBuildPhase section */
		05CAD6872C3FE11900E60127 /* Frameworks */ = {
			isa = PBXFrameworksBuildPhase;
			buildActionMask = 2147483647;
			files = (
				05B2FD442C5BC24C000D0625 /* KakaoSDKCommon in Frameworks */,
				053D93562C60C44C001E3514 /* SocketIO in Frameworks */,
				05B2FD422C5BC24C000D0625 /* KakaoSDKAuth in Frameworks */,
				05B2FD462C5BC24C000D0625 /* KakaoSDKUser in Frameworks */,
			);
			runOnlyForDeploymentPostprocessing = 0;
		};
/* End PBXFrameworksBuildPhase section */

/* Begin PBXGroup section */
		050235E82C60CA4B00475258 /* Socket */ = {
			isa = PBXGroup;
			children = (
				053D935C2C60C88B001E3514 /* index.js */,
				058157592C60E2CA00B44D01 /* SocketIOManager.swift */,
			);
			path = Socket;
			sourceTree = "<group>";
		};
		05CAD6812C3FE11900E60127 = {
			isa = PBXGroup;
			children = (
				05CAD6AC2C3FE2B900E60127 /* Secret.xcconfig */,
				05CAD68C2C3FE11900E60127 /* OutPick */,
				05CAD68B2C3FE11900E60127 /* Products */,
			);
			sourceTree = "<group>";
		};
		05CAD68B2C3FE11900E60127 /* Products */ = {
			isa = PBXGroup;
			children = (
				05CAD68A2C3FE11900E60127 /* OutPick.app */,
			);
			name = Products;
			sourceTree = "<group>";
		};
		05CAD68C2C3FE11900E60127 /* OutPick */ = {
			isa = PBXGroup;
			children = (
				050235E82C60CA4B00475258 /* Socket */,
				05CAD6A92C3FE24000E60127 /* Support */,
				05CAD6A62C3FE21D00E60127 /* Networking */,
				05CAD6A32C3FE1EA00E60127 /* Controllers */,
				05CAD6A22C3FE1E500E60127 /* Views */,
				05CAD6A12C3FE1E100E60127 /* Models */,
				05CAD68D2C3FE11900E60127 /* AppDelegate.swift */,
				05CAD68F2C3FE11900E60127 /* SceneDelegate.swift */,
				05CAD6932C3FE11900E60127 /* Main.storyboard */,
				05CAD6962C3FE11A00E60127 /* Assets.xcassets */,
				05CAD6982C3FE11A00E60127 /* LaunchScreen.storyboard */,
				05CAD69B2C3FE11A00E60127 /* Info.plist */,
			);
			path = OutPick;
			sourceTree = "<group>";
		};
		05CAD6A12C3FE1E100E60127 /* Models */ = {
			isa = PBXGroup;
			children = (
				05CD38712C47B43200F8CC9D /* WeatherForecast */,
				05CAD6AF2C3FE42B00E60127 /* CurrentWeather */,
			);
			path = Models;
			sourceTree = "<group>";
		};
		05CAD6A22C3FE1E500E60127 /* Views */ = {
			isa = PBXGroup;
			children = (
				05CAD6B82C401BC300E60127 /* CurrentWeatherCollectionViewCell.swift */,
				05CD387C2C47EDA500F8CC9D /* HourlyForecastCollectionViewCell.swift */,
				05CAF5992C493638007EEA5C /* DailyForecastCollectionViewCell.swift */,
			);
			path = Views;
			sourceTree = "<group>";
		};
		05CAD6A32C3FE1EA00E60127 /* Controllers */ = {
			isa = PBXGroup;
			children = (
				05B2FD3E2C5BB30D000D0625 /* LoginViewController.swift */,
				05CAD6A42C3FE1F900E60127 /* HomeCollectionViewController.swift */,
				058157552C60E1F900B44D01 /* ChatCollectionViewController.swift */,
				058157572C60E2AB00B44D01 /* RoomCreateViewController.swift */,
				0581575B2C60F49C00B44D01 /* FirstProfileViewController.swift */,
				0581575D2C6238B400B44D01 /* SecondProfileViewController.swift */,
			);
			path = Controllers;
			sourceTree = "<group>";
		};
		05CAD6A62C3FE21D00E60127 /* Networking */ = {
			isa = PBXGroup;
			children = (
				05CAD6A72C3FE22C00E60127 /* WeatherAPIRequest.swift */,
				05CAD6AD2C3FE40300E60127 /* WeatherAPIService.swift */,
			);
			path = Networking;
			sourceTree = "<group>";
		};
		05CAD6A92C3FE24000E60127 /* Support */ = {
			isa = PBXGroup;
			children = (
				05CAD6AA2C3FE24F00E60127 /* APIKEY.swift */,
				0516687C2C41003A007875D7 /* UICollectionViewDiffableDataSource+ViewModel.swift */,
			);
			path = Support;
			sourceTree = "<group>";
		};
		05CAD6AF2C3FE42B00E60127 /* CurrentWeather */ = {
			isa = PBXGroup;
			children = (
				05CAD6B02C3FE44300E60127 /* CurrentWeatherData.swift */,
				05CAD6B22C3FE44C00E60127 /* CurrentMain.swift */,
				05CAD6B42C3FE45500E60127 /* CurrentWeather.swift */,
			);
			path = CurrentWeather;
			sourceTree = "<group>";
		};
		05CD38712C47B43200F8CC9D /* WeatherForecast */ = {
			isa = PBXGroup;
			children = (
				05CD38722C47B74C00F8CC9D /* WeatherForecastData.swift */,
				05CD38742C47B76E00F8CC9D /* HourlyForecast.swift */,
				05CD38762C47B79C00F8CC9D /* DailyForecast.swift */,
				05CD38782C47B7CE00F8CC9D /* WeatherForecast.swift */,
				05CD387A2C47B7E000F8CC9D /* Temperature.swift */,
			);
			path = WeatherForecast;
			sourceTree = "<group>";
		};
/* End PBXGroup section */

/* Begin PBXNativeTarget section */
		05CAD6892C3FE11900E60127 /* OutPick */ = {
			isa = PBXNativeTarget;
			buildConfigurationList = 05CAD69E2C3FE11A00E60127 /* Build configuration list for PBXNativeTarget "OutPick" */;
			buildPhases = (
				05CAD6862C3FE11900E60127 /* Sources */,
				05CAD6872C3FE11900E60127 /* Frameworks */,
				05CAD6882C3FE11900E60127 /* Resources */,
			);
			buildRules = (
			);
			dependencies = (
			);
			name = OutPick;
			packageProductDependencies = (
				05B2FD412C5BC24C000D0625 /* KakaoSDKAuth */,
				05B2FD432C5BC24C000D0625 /* KakaoSDKCommon */,
				05B2FD452C5BC24C000D0625 /* KakaoSDKUser */,
				053D93552C60C44C001E3514 /* SocketIO */,
			);
			productName = OutPick;
			productReference = 05CAD68A2C3FE11900E60127 /* OutPick.app */;
			productType = "com.apple.product-type.application";
		};
/* End PBXNativeTarget section */

/* Begin PBXProject section */
		05CAD6822C3FE11900E60127 /* Project object */ = {
			isa = PBXProject;
			attributes = {
				BuildIndependentTargetsInParallel = 1;
				LastSwiftUpdateCheck = 1540;
				LastUpgradeCheck = 1540;
				TargetAttributes = {
					05CAD6892C3FE11900E60127 = {
						CreatedOnToolsVersion = 15.4;
					};
				};
			};
			buildConfigurationList = 05CAD6852C3FE11900E60127 /* Build configuration list for PBXProject "OutPick" */;
			compatibilityVersion = "Xcode 14.0";
			developmentRegion = en;
			hasScannedForEncodings = 0;
			knownRegions = (
				en,
				Base,
			);
			mainGroup = 05CAD6812C3FE11900E60127;
			packageReferences = (
				05B2FD402C5BC24C000D0625 /* XCRemoteSwiftPackageReference "kakao-ios-sdk" */,
				053D93542C60C44C001E3514 /* XCRemoteSwiftPackageReference "socket" */,
			);
			productRefGroup = 05CAD68B2C3FE11900E60127 /* Products */;
			projectDirPath = "";
			projectRoot = "";
			targets = (
				05CAD6892C3FE11900E60127 /* OutPick */,
			);
		};
/* End PBXProject section */

/* Begin PBXResourcesBuildPhase section */
		05CAD6882C3FE11900E60127 /* Resources */ = {
			isa = PBXResourcesBuildPhase;
			buildActionMask = 2147483647;
			files = (
				05CAD6972C3FE11A00E60127 /* Assets.xcassets in Resources */,
				05CAD69A2C3FE11A00E60127 /* Base in Resources */,
				05CAD6952C3FE11900E60127 /* Base in Resources */,
			);
			runOnlyForDeploymentPostprocessing = 0;
		};
/* End PBXResourcesBuildPhase section */

/* Begin PBXSourcesBuildPhase section */
		05CAD6862C3FE11900E60127 /* Sources */ = {
			isa = PBXSourcesBuildPhase;
			buildActionMask = 2147483647;
			files = (
				05CD38772C47B79C00F8CC9D /* DailyForecast.swift in Sources */,
				05CAD6A52C3FE1F900E60127 /* HomeCollectionViewController.swift in Sources */,
				05CD38732C47B74C00F8CC9D /* WeatherForecastData.swift in Sources */,
				05CAD6A82C3FE22C00E60127 /* WeatherAPIRequest.swift in Sources */,
				05B2FD3F2C5BB30D000D0625 /* LoginViewController.swift in Sources */,
				05CAD6AB2C3FE24F00E60127 /* APIKEY.swift in Sources */,
				05CAD6AE2C3FE40300E60127 /* WeatherAPIService.swift in Sources */,
				05CD38792C47B7CE00F8CC9D /* WeatherForecast.swift in Sources */,
				05CAD6B52C3FE45500E60127 /* CurrentWeather.swift in Sources */,
				05CAD6B92C401BC300E60127 /* CurrentWeatherCollectionViewCell.swift in Sources */,
				0581575A2C60E2CA00B44D01 /* SocketIOManager.swift in Sources */,
				05CAF59A2C493638007EEA5C /* DailyForecastCollectionViewCell.swift in Sources */,
				05CAD6B32C3FE44C00E60127 /* CurrentMain.swift in Sources */,
				058157562C60E1F900B44D01 /* ChatCollectionViewController.swift in Sources */,
				05CD387D2C47EDA500F8CC9D /* HourlyForecastCollectionViewCell.swift in Sources */,
				05CD387B2C47B7E000F8CC9D /* Temperature.swift in Sources */,
				0581575E2C6238B400B44D01 /* SecondProfileViewController.swift in Sources */,
				05CD38752C47B76E00F8CC9D /* HourlyForecast.swift in Sources */,
				0581575C2C60F49C00B44D01 /* FirstProfileViewController.swift in Sources */,
				0516687D2C41003A007875D7 /* UICollectionViewDiffableDataSource+ViewModel.swift in Sources */,
				05CAD68E2C3FE11900E60127 /* AppDelegate.swift in Sources */,
				058157582C60E2AB00B44D01 /* RoomCreateViewController.swift in Sources */,
				05CAD6B12C3FE44300E60127 /* CurrentWeatherData.swift in Sources */,
				05CAD6902C3FE11900E60127 /* SceneDelegate.swift in Sources */,
			);
			runOnlyForDeploymentPostprocessing = 0;
		};
/* End PBXSourcesBuildPhase section */

/* Begin PBXVariantGroup section */
		05CAD6932C3FE11900E60127 /* Main.storyboard */ = {
			isa = PBXVariantGroup;
			children = (
				05CAD6942C3FE11900E60127 /* Base */,
			);
			name = Main.storyboard;
			sourceTree = "<group>";
		};
		05CAD6982C3FE11A00E60127 /* LaunchScreen.storyboard */ = {
			isa = PBXVariantGroup;
			children = (
				05CAD6992C3FE11A00E60127 /* Base */,
			);
			name = LaunchScreen.storyboard;
			sourceTree = "<group>";
		};
/* End PBXVariantGroup section */

/* Begin XCBuildConfiguration section */
		05CAD69C2C3FE11A00E60127 /* Debug */ = {
			isa = XCBuildConfiguration;
			buildSettings = {
				ALWAYS_SEARCH_USER_PATHS = NO;
				ASSETCATALOG_COMPILER_GENERATE_SWIFT_ASSET_SYMBOL_EXTENSIONS = YES;
				CLANG_ANALYZER_NONNULL = YES;
				CLANG_ANALYZER_NUMBER_OBJECT_CONVERSION = YES_AGGRESSIVE;
				CLANG_CXX_LANGUAGE_STANDARD = "gnu++20";
				CLANG_ENABLE_MODULES = YES;
				CLANG_ENABLE_OBJC_ARC = YES;
				CLANG_ENABLE_OBJC_WEAK = YES;
				CLANG_WARN_BLOCK_CAPTURE_AUTORELEASING = YES;
				CLANG_WARN_BOOL_CONVERSION = YES;
				CLANG_WARN_COMMA = YES;
				CLANG_WARN_CONSTANT_CONVERSION = YES;
				CLANG_WARN_DEPRECATED_OBJC_IMPLEMENTATIONS = YES;
				CLANG_WARN_DIRECT_OBJC_ISA_USAGE = YES_ERROR;
				CLANG_WARN_DOCUMENTATION_COMMENTS = YES;
				CLANG_WARN_EMPTY_BODY = YES;
				CLANG_WARN_ENUM_CONVERSION = YES;
				CLANG_WARN_INFINITE_RECURSION = YES;
				CLANG_WARN_INT_CONVERSION = YES;
				CLANG_WARN_NON_LITERAL_NULL_CONVERSION = YES;
				CLANG_WARN_OBJC_IMPLICIT_RETAIN_SELF = YES;
				CLANG_WARN_OBJC_LITERAL_CONVERSION = YES;
				CLANG_WARN_OBJC_ROOT_CLASS = YES_ERROR;
				CLANG_WARN_QUOTED_INCLUDE_IN_FRAMEWORK_HEADER = YES;
				CLANG_WARN_RANGE_LOOP_ANALYSIS = YES;
				CLANG_WARN_STRICT_PROTOTYPES = YES;
				CLANG_WARN_SUSPICIOUS_MOVE = YES;
				CLANG_WARN_UNGUARDED_AVAILABILITY = YES_AGGRESSIVE;
				CLANG_WARN_UNREACHABLE_CODE = YES;
				CLANG_WARN__DUPLICATE_METHOD_MATCH = YES;
				COPY_PHASE_STRIP = NO;
				DEBUG_INFORMATION_FORMAT = dwarf;
				ENABLE_STRICT_OBJC_MSGSEND = YES;
				ENABLE_TESTABILITY = YES;
				ENABLE_USER_SCRIPT_SANDBOXING = YES;
				GCC_C_LANGUAGE_STANDARD = gnu17;
				GCC_DYNAMIC_NO_PIC = NO;
				GCC_NO_COMMON_BLOCKS = YES;
				GCC_OPTIMIZATION_LEVEL = 0;
				GCC_PREPROCESSOR_DEFINITIONS = (
					"DEBUG=1",
					"$(inherited)",
				);
				GCC_WARN_64_TO_32_BIT_CONVERSION = YES;
				GCC_WARN_ABOUT_RETURN_TYPE = YES_ERROR;
				GCC_WARN_UNDECLARED_SELECTOR = YES;
				GCC_WARN_UNINITIALIZED_AUTOS = YES_AGGRESSIVE;
				GCC_WARN_UNUSED_FUNCTION = YES;
				GCC_WARN_UNUSED_VARIABLE = YES;
				IPHONEOS_DEPLOYMENT_TARGET = 16.0;
				LOCALIZATION_PREFERS_STRING_CATALOGS = YES;
				MTL_ENABLE_DEBUG_INFO = INCLUDE_SOURCE;
				MTL_FAST_MATH = YES;
				ONLY_ACTIVE_ARCH = YES;
				SDKROOT = iphoneos;
				SWIFT_ACTIVE_COMPILATION_CONDITIONS = "DEBUG $(inherited)";
				SWIFT_OPTIMIZATION_LEVEL = "-Onone";
			};
			name = Debug;
		};
		05CAD69D2C3FE11A00E60127 /* Release */ = {
			isa = XCBuildConfiguration;
			buildSettings = {
				ALWAYS_SEARCH_USER_PATHS = NO;
				ASSETCATALOG_COMPILER_GENERATE_SWIFT_ASSET_SYMBOL_EXTENSIONS = YES;
				CLANG_ANALYZER_NONNULL = YES;
				CLANG_ANALYZER_NUMBER_OBJECT_CONVERSION = YES_AGGRESSIVE;
				CLANG_CXX_LANGUAGE_STANDARD = "gnu++20";
				CLANG_ENABLE_MODULES = YES;
				CLANG_ENABLE_OBJC_ARC = YES;
				CLANG_ENABLE_OBJC_WEAK = YES;
				CLANG_WARN_BLOCK_CAPTURE_AUTORELEASING = YES;
				CLANG_WARN_BOOL_CONVERSION = YES;
				CLANG_WARN_COMMA = YES;
				CLANG_WARN_CONSTANT_CONVERSION = YES;
				CLANG_WARN_DEPRECATED_OBJC_IMPLEMENTATIONS = YES;
				CLANG_WARN_DIRECT_OBJC_ISA_USAGE = YES_ERROR;
				CLANG_WARN_DOCUMENTATION_COMMENTS = YES;
				CLANG_WARN_EMPTY_BODY = YES;
				CLANG_WARN_ENUM_CONVERSION = YES;
				CLANG_WARN_INFINITE_RECURSION = YES;
				CLANG_WARN_INT_CONVERSION = YES;
				CLANG_WARN_NON_LITERAL_NULL_CONVERSION = YES;
				CLANG_WARN_OBJC_IMPLICIT_RETAIN_SELF = YES;
				CLANG_WARN_OBJC_LITERAL_CONVERSION = YES;
				CLANG_WARN_OBJC_ROOT_CLASS = YES_ERROR;
				CLANG_WARN_QUOTED_INCLUDE_IN_FRAMEWORK_HEADER = YES;
				CLANG_WARN_RANGE_LOOP_ANALYSIS = YES;
				CLANG_WARN_STRICT_PROTOTYPES = YES;
				CLANG_WARN_SUSPICIOUS_MOVE = YES;
				CLANG_WARN_UNGUARDED_AVAILABILITY = YES_AGGRESSIVE;
				CLANG_WARN_UNREACHABLE_CODE = YES;
				CLANG_WARN__DUPLICATE_METHOD_MATCH = YES;
				COPY_PHASE_STRIP = NO;
				DEBUG_INFORMATION_FORMAT = "dwarf-with-dsym";
				ENABLE_NS_ASSERTIONS = NO;
				ENABLE_STRICT_OBJC_MSGSEND = YES;
				ENABLE_USER_SCRIPT_SANDBOXING = YES;
				GCC_C_LANGUAGE_STANDARD = gnu17;
				GCC_NO_COMMON_BLOCKS = YES;
				GCC_WARN_64_TO_32_BIT_CONVERSION = YES;
				GCC_WARN_ABOUT_RETURN_TYPE = YES_ERROR;
				GCC_WARN_UNDECLARED_SELECTOR = YES;
				GCC_WARN_UNINITIALIZED_AUTOS = YES_AGGRESSIVE;
				GCC_WARN_UNUSED_FUNCTION = YES;
				GCC_WARN_UNUSED_VARIABLE = YES;
				IPHONEOS_DEPLOYMENT_TARGET = 16.0;
				LOCALIZATION_PREFERS_STRING_CATALOGS = YES;
				MTL_ENABLE_DEBUG_INFO = NO;
				MTL_FAST_MATH = YES;
				SDKROOT = iphoneos;
				SWIFT_COMPILATION_MODE = wholemodule;
				VALIDATE_PRODUCT = YES;
			};
			name = Release;
		};
		05CAD69F2C3FE11A00E60127 /* Debug */ = {
			isa = XCBuildConfiguration;
			baseConfigurationReference = 05CAD6AC2C3FE2B900E60127 /* Secret.xcconfig */;
			buildSettings = {
				ASSETCATALOG_COMPILER_APPICON_NAME = AppIcon;
				ASSETCATALOG_COMPILER_GLOBAL_ACCENT_COLOR_NAME = AccentColor;
				CODE_SIGN_STYLE = Automatic;
				CURRENT_PROJECT_VERSION = 1;
				DEVELOPMENT_TEAM = 3YZYVZ7VUF;
				GENERATE_INFOPLIST_FILE = YES;
				INFOPLIST_FILE = OutPick/Info.plist;
				INFOPLIST_KEY_NSLocationWhenInUseUsageDescription = "현재 위치 날씨 정보를 위해 권한 요청";
				INFOPLIST_KEY_UIApplicationSupportsIndirectInputEvents = YES;
				INFOPLIST_KEY_UILaunchStoryboardName = LaunchScreen;
				INFOPLIST_KEY_UIMainStoryboardFile = Main;
				INFOPLIST_KEY_UISupportedInterfaceOrientations_iPad = "UIInterfaceOrientationPortrait UIInterfaceOrientationPortraitUpsideDown UIInterfaceOrientationLandscapeLeft UIInterfaceOrientationLandscapeRight";
				INFOPLIST_KEY_UISupportedInterfaceOrientations_iPhone = "UIInterfaceOrientationPortrait UIInterfaceOrientationLandscapeLeft UIInterfaceOrientationLandscapeRight";
				LD_RUNPATH_SEARCH_PATHS = (
					"$(inherited)",
					"@executable_path/Frameworks",
				);
				MARKETING_VERSION = 1.0;
				PRODUCT_BUNDLE_IDENTIFIER = GayoonKim.OutPick;
				PRODUCT_NAME = "$(TARGET_NAME)";
				SWIFT_EMIT_LOC_STRINGS = YES;
				SWIFT_VERSION = 5.0;
				TARGETED_DEVICE_FAMILY = "1,2";
			};
			name = Debug;
		};
		05CAD6A02C3FE11A00E60127 /* Release */ = {
			isa = XCBuildConfiguration;
			baseConfigurationReference = 05CAD6AC2C3FE2B900E60127 /* Secret.xcconfig */;
			buildSettings = {
				ASSETCATALOG_COMPILER_APPICON_NAME = AppIcon;
				ASSETCATALOG_COMPILER_GLOBAL_ACCENT_COLOR_NAME = AccentColor;
				CODE_SIGN_STYLE = Automatic;
				CURRENT_PROJECT_VERSION = 1;
				DEVELOPMENT_TEAM = 3YZYVZ7VUF;
				GENERATE_INFOPLIST_FILE = YES;
				INFOPLIST_FILE = OutPick/Info.plist;
				INFOPLIST_KEY_NSLocationWhenInUseUsageDescription = "현재 위치 날씨 정보를 위해 권한 요청";
				INFOPLIST_KEY_UIApplicationSupportsIndirectInputEvents = YES;
				INFOPLIST_KEY_UILaunchStoryboardName = LaunchScreen;
				INFOPLIST_KEY_UIMainStoryboardFile = Main;
				INFOPLIST_KEY_UISupportedInterfaceOrientations_iPad = "UIInterfaceOrientationPortrait UIInterfaceOrientationPortraitUpsideDown UIInterfaceOrientationLandscapeLeft UIInterfaceOrientationLandscapeRight";
				INFOPLIST_KEY_UISupportedInterfaceOrientations_iPhone = "UIInterfaceOrientationPortrait UIInterfaceOrientationLandscapeLeft UIInterfaceOrientationLandscapeRight";
				LD_RUNPATH_SEARCH_PATHS = (
					"$(inherited)",
					"@executable_path/Frameworks",
				);
				MARKETING_VERSION = 1.0;
				PRODUCT_BUNDLE_IDENTIFIER = GayoonKim.OutPick;
				PRODUCT_NAME = "$(TARGET_NAME)";
				SWIFT_EMIT_LOC_STRINGS = YES;
				SWIFT_VERSION = 5.0;
				TARGETED_DEVICE_FAMILY = "1,2";
			};
			name = Release;
		};
/* End XCBuildConfiguration section */

/* Begin XCConfigurationList section */
		05CAD6852C3FE11900E60127 /* Build configuration list for PBXProject "OutPick" */ = {
			isa = XCConfigurationList;
			buildConfigurations = (
				05CAD69C2C3FE11A00E60127 /* Debug */,
				05CAD69D2C3FE11A00E60127 /* Release */,
			);
			defaultConfigurationIsVisible = 0;
			defaultConfigurationName = Release;
		};
		05CAD69E2C3FE11A00E60127 /* Build configuration list for PBXNativeTarget "OutPick" */ = {
			isa = XCConfigurationList;
			buildConfigurations = (
				05CAD69F2C3FE11A00E60127 /* Debug */,
				05CAD6A02C3FE11A00E60127 /* Release */,
			);
			defaultConfigurationIsVisible = 0;
			defaultConfigurationName = Release;
		};
/* End XCConfigurationList section */

/* Begin XCRemoteSwiftPackageReference section */
		053D93542C60C44C001E3514 /* XCRemoteSwiftPackageReference "socket" */ = {
			isa = XCRemoteSwiftPackageReference;
			repositoryURL = "https://github.com/socketio/socket.io-client-swift";
			requirement = {
				branch = master;
				kind = branch;
			};
		};
		05B2FD402C5BC24C000D0625 /* XCRemoteSwiftPackageReference "kakao-ios-sdk" */ = {
			isa = XCRemoteSwiftPackageReference;
			repositoryURL = "https://github.com/kakao/kakao-ios-sdk";
			requirement = {
				branch = master;
				kind = branch;
			};
		};
/* End XCRemoteSwiftPackageReference section */

/* Begin XCSwiftPackageProductDependency section */
		053D93552C60C44C001E3514 /* SocketIO */ = {
			isa = XCSwiftPackageProductDependency;
			package = 053D93542C60C44C001E3514 /* XCRemoteSwiftPackageReference "socket" */;
			productName = SocketIO;
		};
		05B2FD412C5BC24C000D0625 /* KakaoSDKAuth */ = {
			isa = XCSwiftPackageProductDependency;
			package = 05B2FD402C5BC24C000D0625 /* XCRemoteSwiftPackageReference "kakao-ios-sdk" */;
			productName = KakaoSDKAuth;
		};
		05B2FD432C5BC24C000D0625 /* KakaoSDKCommon */ = {
			isa = XCSwiftPackageProductDependency;
			package = 05B2FD402C5BC24C000D0625 /* XCRemoteSwiftPackageReference "kakao-ios-sdk" */;
			productName = KakaoSDKCommon;
		};
		05B2FD452C5BC24C000D0625 /* KakaoSDKUser */ = {
			isa = XCSwiftPackageProductDependency;
			package = 05B2FD402C5BC24C000D0625 /* XCRemoteSwiftPackageReference "kakao-ios-sdk" */;
			productName = KakaoSDKUser;
		};
/* End XCSwiftPackageProductDependency section */
	};
	rootObject = 05CAD6822C3FE11900E60127 /* Project object */;
}
